
Microsoft Visual Studio Solution File, Format Version 12.00
Project("{FAE04EC0-301F-11D3-BF4B-00C04F79EFBC}") = "RegistroTicketsYConsulta", "RegistroTicketsYConsulta\RegistroTicketsYConsulta.csproj", "{4C076FE3-3941-48A1-B86D-BB21D8292EFB}"
EndProject
Global
	GlobalSection(SolutionConfigurationPlatforms) = preSolution
		Debug|Any CPU = Debug|Any CPU
		Release|Any CPU = Release|Any CPU
	EndGlobalSection
	GlobalSection(ProjectConfigurationPlatforms) = postSolution
		{4C076FE3-3941-48A1-B86D-BB21D8292EFB}.Debug|Any CPU.ActiveCfg = Debug|Any CPU
		{4C076FE3-3941-48A1-B86D-BB21D8292EFB}.Debug|Any CPU.Build.0 = Debug|Any CPU
		{4C076FE3-3941-48A1-B86D-BB21D8292EFB}.Release|Any CPU.ActiveCfg = Release|Any CPU
		{4C076FE3-3941-48A1-B86D-BB21D8292EFB}.Release|Any CPU.Build.0 = Release|Any CPU
	EndGlobalSection
EndGlobal
